// !$*UTF8*$!
{
	archiveVersion = 1;
	classes = {
	};
	objectVersion = 46;
	objects = {

/* Begin PBXBuildFile section */
		AEB868D51C8165D0001F7441 /* AppDelegate.swift in Sources */ = {isa = PBXBuildFile; fileRef = AEB868D41C8165D0001F7441 /* AppDelegate.swift */; };
		AEB868D71C8165D0001F7441 /* ViewController.swift in Sources */ = {isa = PBXBuildFile; fileRef = AEB868D61C8165D0001F7441 /* ViewController.swift */; };
		AEB868DA1C8165D0001F7441 /* Main.storyboard in Resources */ = {isa = PBXBuildFile; fileRef = AEB868D81C8165D0001F7441 /* Main.storyboard */; };
		AEB868DF1C8165D0001F7441 /* LaunchScreen.storyboard in Resources */ = {isa = PBXBuildFile; fileRef = AEB868DD1C8165D0001F7441 /* LaunchScreen.storyboard */; };
		AEB868E71C81705A001F7441 /* Assets.xcassets in Resources */ = {isa = PBXBuildFile; fileRef = AEB868E61C81705A001F7441 /* Assets.xcassets */; };
/* End PBXBuildFile section */

/* Begin PBXFileReference section */
		AEB868D11C8165D0001F7441 /* guessFamilyBirthday.app */ = {isa = PBXFileReference; explicitFileType = wrapper.application; includeInIndex = 0; path = guessFamilyBirthday.app; sourceTree = BUILT_PRODUCTS_DIR; };
		AEB868D41C8165D0001F7441 /* AppDelegate.swift */ = {isa = PBXFileReference; lastKnownFileType = sourcecode.swift; path = AppDelegate.swift; sourceTree = "<group>"; };
		AEB868D61C8165D0001F7441 /* ViewController.swift */ = {isa = PBXFileReference; lastKnownFileType = sourcecode.swift; path = ViewController.swift; sourceTree = "<group>"; };
		AEB868D91C8165D0001F7441 /* Base */ = {isa = PBXFileReference; lastKnownFileType = file.storyboard; name = Base; path = Base.lproj/Main.storyboard; sourceTree = "<group>"; };
		AEB868DE1C8165D0001F7441 /* Base */ = {isa = PBXFileReference; lastKnownFileType = file.storyboard; name = Base; path = Base.lproj/LaunchScreen.storyboard; sourceTree = "<group>"; };
		AEB868E01C8165D0001F7441 /* Info.plist */ = {isa = PBXFileReference; lastKnownFileType = text.plist.xml; path = Info.plist; sourceTree = "<group>"; };
		AEB868E61C81705A001F7441 /* Assets.xcassets */ = {isa = PBXFileReference; lastKnownFileType = folder.assetcatalog; path = Assets.xcassets; sourceTree = "<group>"; };
/* End PBXFileReference section */

/* Begin PBXFrameworksBuildPhase section */
		AEB868CE1C8165D0001F7441 /* Frameworks */ = {
			isa = PBXFrameworksBuildPhase;
			buildActionMask = 2147483647;
			files = (
			);
			runOnlyForDeploymentPostprocessing = 0;
		};
/* End PBXFrameworksBuildPhase section */

/* Begin PBXGroup section */
		AEB868C81C8165D0001F7441 = {
			isa = PBXGroup;
			children = (
				AEB868D31C8165D0001F7441 /* guessFamilyBirthday */,
				AEB868D21C8165D0001F7441 /* Products */,
			);
			sourceTree = "<group>";
		};
		AEB868D21C8165D0001F7441 /* Products */ = {
			isa = PBXGroup;
			children = (
				AEB868D11C8165D0001F7441 /* guessFamilyBirthday.app */,
			);
			name = Products;
			sourceTree = "<group>";
		};
		AEB868D31C8165D0001F7441 /* guessFamilyBirthday */ = {
			isa = PBXGroup;
			children = (
				AEB868E61C81705A001F7441 /* Assets.xcassets */,
				AEB868D41C8165D0001F7441 /* AppDelegate.swift */,
				AEB868D61C8165D0001F7441 /* ViewController.swift */,
				AEB868D81C8165D0001F7441 /* Main.storyboard */,
				AEB868DD1C8165D0001F7441 /* LaunchScreen.storyboard */,
				AEB868E01C8165D0001F7441 /* Info.plist */,
			);
			path = guessFamilyBirthday;
			sourceTree = "<group>";
		};
/* End PBXGroup section */

/* Begin PBXNativeTarget section */
		AEB868D01C8165D0001F7441 /* guessFamilyBirthday */ = {
			isa = PBXNativeTarget;
			buildConfigurationList = AEB868E31C8165D0001F7441 /* Build configuration list for PBXNativeTarget "guessFamilyBirthday" */;
			buildPhases = (
				AEB868CD1C8165D0001F7441 /* Sources */,
				AEB868CE1C8165D0001F7441 /* Frameworks */,
				AEB868CF1C8165D0001F7441 /* Resources */,
			);
			buildRules = (
			);
			dependencies = (
			);
			name = guessFamilyBirthday;
			productName = guessFamilyBirthday;
			productReference = AEB868D11C8165D0001F7441 /* guessFamilyBirthday.app */;
			productType = "com.apple.product-type.application";
		};
/* End PBXNativeTarget section */

/* Begin PBXProject section */
		AEB868C91C8165D0001F7441 /* Project object */ = {
			isa = PBXProject;
			attributes = {
				LastSwiftUpdateCheck = 0720;
				LastUpgradeCheck = 0720;
				ORGANIZATIONNAME = Duncan;
				TargetAttributes = {
					AEB868D01C8165D0001F7441 = {
						CreatedOnToolsVersion = 7.2.1;
						DevelopmentTeam = 39Z77Y8738;
					};
				};
			};
			buildConfigurationList = AEB868CC1C8165D0001F7441 /* Build configuration list for PBXProject "guessFamilyBirthday" */;
			compatibilityVersion = "Xcode 3.2";
			developmentRegion = English;
			hasScannedForEncodings = 0;
			knownRegions = (
				en,
				Base,
			);
			mainGroup = AEB868C81C8165D0001F7441;
			productRefGroup = AEB868D21C8165D0001F7441 /* Products */;
			projectDirPath = "";
			projectRoot = "";
			targets = (
				AEB868D01C8165D0001F7441 /* guessFamilyBirthday */,
			);
		};
/* End PBXProject section */

/* Begin PBXResourcesBuildPhase section */
		AEB868CF1C8165D0001F7441 /* Resources */ = {
			isa = PBXResourcesBuildPhase;
			buildActionMask = 2147483647;
			files = (
				AEB868DF1C8165D0001F7441 /* LaunchScreen.storyboard in Resources */,
				AEB868E71C81705A001F7441 /* Assets.xcassets in Resources */,
				AEB868DA1C8165D0001F7441 /* Main.storyboard in Resources */,
			);
			runOnlyForDeploymentPostprocessing = 0;
		};
/* End PBXResourcesBuildPhase section */

/* Begin PBXSourcesBuildPhase section */
		AEB868CD1C8165D0001F7441 /* Sources */ = {
			isa = PBXSourcesBuildPhase;
			buildActionMask = 2147483647;
			files = (
				AEB868D71C8165D0001F7441 /* ViewController.swift in Sources */,
				AEB868D51C8165D0001F7441 /* AppDelegate.swift in Sources */,
			);
			runOnlyForDeploymentPostprocessing = 0;
		};
/* End PBXSourcesBuildPhase section */

/* Begin PBXVariantGroup section */
		AEB868D81C8165D0001F7441 /* Main.storyboard */ = {
			isa = PBXVariantGroup;
			children = (
				AEB868D91C8165D0001F7441 /* Base */,
			);
			name = Main.storyboard;
			sourceTree = "<group>";
		};
		AEB868DD1C8165D0001F7441 /* LaunchScreen.storyboard */ = {
			isa = PBXVariantGroup;
			children = (
				AEB868DE1C8165D0001F7441 /* Base */,
			);
			name = LaunchScreen.storyboard;
			sourceTree = "<group>";
		};
/* End PBXVariantGroup section */

/* Begin XCBuildConfiguration section */
		AEB868E11C8165D0001F7441 /* Debug */ = {
			isa = XCBuildConfiguration;
			buildSettings = {
				ALWAYS_SEARCH_USER_PATHS = NO;
				CLANG_CXX_LANGUAGE_STANDARD = "gnu++0x";
				CLANG_CXX_LIBRARY = "libc++";
				CLANG_ENABLE_MODULES = YES;
				CLANG_ENABLE_OBJC_ARC = YES;
				CLANG_WARN_BOOL_CONVERSION = YES;
				CLANG_WARN_CONSTANT_CONVERSION = YES;
				CLANG_WARN_DIRECT_OBJC_ISA_USAGE = YES_ERROR;
				CLANG_WARN_EMPTY_BODY = YES;
				CLANG_WARN_ENUM_CONVERSION = YES;
				CLANG_WARN_INT_CONVERSION = YES;
				CLANG_WARN_OBJC_ROOT_CLASS = YES_ERROR;
				CLANG_WARN_UNREACHABLE_CODE = YES;
				CLANG_WARN__DUPLICATE_METHOD_MATCH = YES;
				"CODE_SIGN_IDENTITY[sdk=iphoneos*]" = "iPhone Developer";
				COPY_PHASE_STRIP = NO;
				DEBUG_INFORMATION_FORMAT = dwarf;
				ENABLE_STRICT_OBJC_MSGSEND = YES;
				ENABLE_TESTABILITY = YES;
				GCC_C_LANGUAGE_STANDARD = gnu99;
				GCC_DYNAMIC_NO_PIC = NO;
				GCC_NO_COMMON_BLOCKS = YES;
				GCC_OPTIMIZATION_LEVEL = 0;
				GCC_PREPROCESSOR_DEFINITIONS = (
					"DEBUG=1",
					"$(inherited)",
				);
				GCC_WARN_64_TO_32_BIT_CONVERSION = YES;
				GCC_WARN_ABOUT_RETURN_TYPE = YES_ERROR;
				GCC_WARN_UNDECLARED_SELECTOR = YES;
				GCC_WARN_UNINITIALIZED_AUTOS = YES_AGGRESSIVE;
				GCC_WARN_UNUSED_FUNCTION = YES;
				GCC_WARN_UNUSED_VARIABLE = YES;
				IPHONEOS_DEPLOYMENT_TARGET = 9.2;
				MTL_ENABLE_DEBUG_INFO = YES;
				ONLY_ACTIVE_ARCH = YES;
				SDKROOT = iphoneos;
				SWIFT_OPTIMIZATION_LEVEL = "-Onone";
				TARGETED_DEVICE_FAMILY = "1,2";
			};
			name = Debug;
		};
		AEB868E21C8165D0001F7441 /* Release */ = {
			isa = XCBuildConfiguration;
			buildSettings = {
				ALWAYS_SEARCH_USER_PATHS = NO;
				CLANG_CXX_LANGUAGE_STANDARD = "gnu++0x";
				CLANG_CXX_LIBRARY = "libc++";
				CLANG_ENABLE_MODULES = YES;
				CLANG_ENABLE_OBJC_ARC = YES;
				CLANG_WARN_BOOL_CONVERSION = YES;
				CLANG_WARN_CONSTANT_CONVERSION = YES;
				CLANG_WARN_DIRECT_OBJC_ISA_USAGE = YES_ERROR;
				CLANG_WARN_EMPTY_BODY = YES;
				CLANG_WARN_ENUM_CONVERSION = YES;
				CLANG_WARN_INT_CONVERSION = YES;
				CLANG_WARN_OBJC_ROOT_CLASS = YES_ERROR;
				CLANG_WARN_UNREACHABLE_CODE = YES;
				CLANG_WARN__DUPLICATE_METHOD_MATCH = YES;
				"CODE_SIGN_IDENTITY[sdk=iphoneos*]" = "iPhone Developer";
				COPY_PHASE_STRIP = NO;
				DEBUG_INFORMATION_FORMAT = "dwarf-with-dsym";
				ENABLE_NS_ASSERTIONS = NO;
				ENABLE_STRICT_OBJC_MSGSEND = YES;
				GCC_C_LANGUAGE_STANDARD = gnu99;
				GCC_NO_COMMON_BLOCKS = YES;
				GCC_WARN_64_TO_32_BIT_CONVERSION = YES;
				GCC_WARN_ABOUT_RETURN_TYPE = YES_ERROR;
				GCC_WARN_UNDECLARED_SELECTOR = YES;
				GCC_WARN_UNINITIALIZED_AUTOS = YES_AGGRESSIVE;
				GCC_WARN_UNUSED_FUNCTION = YES;
				GCC_WARN_UNUSED_VARIABLE = YES;
				IPHONEOS_DEPLOYMENT_TARGET = 9.2;
				MTL_ENABLE_DEBUG_INFO = NO;
				SDKROOT = iphoneos;
				TARGETED_DEVICE_FAMILY = "1,2";
				VALIDATE_PRODUCT = YES;
			};
			name = Release;
		};
		AEB868E41C8165D0001F7441 /* Debug */ = {
			isa = XCBuildConfiguration;
			buildSettings = {
				ASSETCATALOG_COMPILER_APPICON_NAME = AppIcon;
				INFOPLIST_FILE = guessFamilyBirthday/Info.plist;
				LD_RUNPATH_SEARCH_PATHS = "$(inherited) @executable_path/Frameworks";
				PRODUCT_BUNDLE_IDENTIFIER = tw.qruu.guessFamilyBirthday;
				PRODUCT_NAME = "$(TARGET_NAME)";
			};
			name = Debug;
		};
		AEB868E51C8165D0001F7441 /* Release */ = {
			isa = XCBuildConfiguration;
			buildSettings = {
				ASSETCATALOG_COMPILER_APPICON_NAME = AppIcon;
				INFOPLIST_FILE = guessFamilyBirthday/Info.plist;
				LD_RUNPATH_SEARCH_PATHS = "$(inherited) @executable_path/Frameworks";
				PRODUCT_BUNDLE_IDENTIFIER = tw.qruu.guessFamilyBirthday;
				PRODUCT_NAME = "$(TARGET_NAME)";
			};
			name = Release;
		};
/* End XCBuildConfiguration section */

/* Begin XCConfigurationList section */
		AEB868CC1C8165D0001F7441 /* Build configuration list for PBXProject "guessFamilyBirthday" */ = {
			isa = XCConfigurationList;
			buildConfigurations = (
				AEB868E11C8165D0001F7441 /* Debug */,
				AEB868E21C8165D0001F7441 /* Release */,
			);
			defaultConfigurationIsVisible = 0;
			defaultConfigurationName = Release;
		};
		AEB868E31C8165D0001F7441 /* Build configuration list for PBXNativeTarget "guessFamilyBirthday" */ = {
			isa = XCConfigurationList;
			buildConfigurations = (
				AEB868E41C8165D0001F7441 /* Debug */,
				AEB868E51C8165D0001F7441 /* Release */,
			);
			defaultConfigurationIsVisible = 0;
			defaultConfigurationName = Release;
		};
/* End XCConfigurationList section */
	};
	rootObject = AEB868C91C8165D0001F7441 /* Project object */;
}
